PODS:
  - LinearProgressBarMaterial (1.3)

DEPENDENCIES:
  - LinearProgressBarMaterial

SPEC REPOS:
  trunk:
    - LinearProgressBarMaterial

SPEC CHECKSUMS:
  LinearProgressBarMaterial: 84df3135c27a0fc5e0219da10ee98304de159b06

PODFILE CHECKSUM: 81b0da95503c009c8cd7693b0e71dcf097393089

COCOAPODS: 1.10.0
